
Microsoft Visual Studio Solution File, Format Version 12.00
# Visual Studio 15
VisualStudioVersion = 15.0.33403.129
MinimumVisualStudioVersion = 10.0.40219.1
Project("{FAE04EC0-301F-11D3-BF4B-00C04F79EFBC}") = "petshop_PF", "petshop_PF\petshop_PF.csproj", "{D3DC3B85-C756-41A0-8FF1-82E16777F623}"
EndProject
Global
	GlobalSection(SolutionConfigurationPlatforms) = preSolution
		Debug|Any CPU = Debug|Any CPU
		Release|Any CPU = Release|Any CPU
	EndGlobalSection
	GlobalSection(ProjectConfigurationPlatforms) = postSolution
		{D3DC3B85-C756-41A0-8FF1-82E16777F623}.Debug|Any CPU.ActiveCfg = Debug|Any CPU
		{D3DC3B85-C756-41A0-8FF1-82E16777F623}.Debug|Any CPU.Build.0 = Debug|Any CPU
		{D3DC3B85-C756-41A0-8FF1-82E16777F623}.Release|Any CPU.ActiveCfg = Release|Any CPU
		{D3DC3B85-C756-41A0-8FF1-82E16777F623}.Release|Any CPU.Build.0 = Release|Any CPU
	EndGlobalSection
	GlobalSection(SolutionProperties) = preSolution
		HideSolutionNode = FALSE
	EndGlobalSection
	GlobalSection(ExtensibilityGlobals) = postSolution
		SolutionGuid = {56C8051A-2AF4-4801-A38C-669F99086241}
	EndGlobalSection
EndGlobal
